
Microsoft Visual Studio Solution File, Format Version 12.00
# Visual Studio Version 17
VisualStudioVersion = 17.4.33205.214
MinimumVisualStudioVersion = 10.0.40219.1
Project("{FAE04EC0-301F-11D3-BF4B-00C04F79EFBC}") = "Talk me", "Talk me\Talk me.csproj", "{1FEEB9F5-FDED-4B27-B5DC-8E0AD0D65B76}"
EndProject
Global
	GlobalSection(SolutionConfigurationPlatforms) = preSolution
		Debug|Any CPU = Debug|Any CPU
		Release|Any CPU = Release|Any CPU
	EndGlobalSection
	GlobalSection(ProjectConfigurationPlatforms) = postSolution
		{1FEEB9F5-FDED-4B27-B5DC-8E0AD0D65B76}.Debug|Any CPU.ActiveCfg = Debug|Any CPU
		{1FEEB9F5-FDED-4B27-B5DC-8E0AD0D65B76}.Debug|Any CPU.Build.0 = Debug|Any CPU
		{1FEEB9F5-FDED-4B27-B5DC-8E0AD0D65B76}.Release|Any CPU.ActiveCfg = Release|Any CPU
		{1FEEB9F5-FDED-4B27-B5DC-8E0AD0D65B76}.Release|Any CPU.Build.0 = Release|Any CPU
	EndGlobalSection
	GlobalSection(SolutionProperties) = preSolution
		HideSolutionNode = FALSE
	EndGlobalSection
	GlobalSection(ExtensibilityGlobals) = postSolution
		SolutionGuid = {6F2FAE2E-112B-4417-95E8-777AF7088B28}
	EndGlobalSection
EndGlobal
